// !$*UTF8*$!
{
	archiveVersion = 1;
	classes = {
	};
	objectVersion = 46;
	objects = {

/* Begin PBXBuildFile section */
		9F8DF3EC1DB9DAF000AA59CE /* Array+Each.swift in Sources */ = {isa = PBXBuildFile; fileRef = 9F8DF3CC1DB9DAF000AA59CE /* Array+Each.swift */; };
		9F8DF3ED1DB9DAF000AA59CE /* Array+Shuffle.swift in Sources */ = {isa = PBXBuildFile; fileRef = 9F8DF3CD1DB9DAF000AA59CE /* Array+Shuffle.swift */; };
		9F8DF3EE1DB9DAF000AA59CE /* Array+LastIndex.swift in Sources */ = {isa = PBXBuildFile; fileRef = 9F8DF3CE1DB9DAF000AA59CE /* Array+LastIndex.swift */; };
		9F8DF3EF1DB9DAF000AA59CE /* Date+Parse.swift in Sources */ = {isa = PBXBuildFile; fileRef = 9F8DF3CF1DB9DAF000AA59CE /* Date+Parse.swift */; };
		9F8DF3F01DB9DAF000AA59CE /* Dictionary+Each.swift in Sources */ = {isa = PBXBuildFile; fileRef = 9F8DF3D01DB9DAF000AA59CE /* Dictionary+Each.swift */; };
		9F8DF3F11DB9DAF000AA59CE /* Dictionary+Safe.swift in Sources */ = {isa = PBXBuildFile; fileRef = 9F8DF3D11DB9DAF000AA59CE /* Dictionary+Safe.swift */; };
		9F8DF3F21DB9DAF000AA59CE /* Dictionary+Merge.swift in Sources */ = {isa = PBXBuildFile; fileRef = 9F8DF3D21DB9DAF000AA59CE /* Dictionary+Merge.swift */; };
		9F8DF3F31DB9DAF000AA59CE /* Double+Delay.swift in Sources */ = {isa = PBXBuildFile; fileRef = 9F8DF3D31DB9DAF000AA59CE /* Double+Delay.swift */; };
		9F8DF3F41DB9DAF000AA59CE /* HasAssociatedObjects.swift in Sources */ = {isa = PBXBuildFile; fileRef = 9F8DF3D41DB9DAF000AA59CE /* HasAssociatedObjects.swift */; };
		9F8DF3F51DB9DAF000AA59CE /* Int+Each.swift in Sources */ = {isa = PBXBuildFile; fileRef = 9F8DF3D51DB9DAF000AA59CE /* Int+Each.swift */; };
		9F8DF3F61DB9DAF000AA59CE /* Int+Format.swift in Sources */ = {isa = PBXBuildFile; fileRef = 9F8DF3D61DB9DAF000AA59CE /* Int+Format.swift */; };
		9F8DF3F71DB9DAF000AA59CE /* Math.swift in Sources */ = {isa = PBXBuildFile; fileRef = 9F8DF3D71DB9DAF000AA59CE /* Math.swift */; };
		9F8DF3F91DB9DAF000AA59CE /* String+Check.swift in Sources */ = {isa = PBXBuildFile; fileRef = 9F8DF3D91DB9DAF000AA59CE /* String+Check.swift */; };
		9F8DF3FA1DB9DAF000AA59CE /* String+Date.swift in Sources */ = {isa = PBXBuildFile; fileRef = 9F8DF3DA1DB9DAF000AA59CE /* String+Date.swift */; };
		9F8DF3FB1DB9DAF000AA59CE /* String+Random.swift in Sources */ = {isa = PBXBuildFile; fileRef = 9F8DF3DB1DB9DAF000AA59CE /* String+Random.swift */; };
		9F8DF3FC1DB9DAF000AA59CE /* String+Substring.swift in Sources */ = {isa = PBXBuildFile; fileRef = 9F8DF3DC1DB9DAF000AA59CE /* String+Substring.swift */; };
		9F8DF3FD1DB9DAF000AA59CE /* String+URL.swift in Sources */ = {isa = PBXBuildFile; fileRef = 9F8DF3DD1DB9DAF000AA59CE /* String+URL.swift */; };
		9F8DF3FE1DB9DAF000AA59CE /* String+Util.swift in Sources */ = {isa = PBXBuildFile; fileRef = 9F8DF3DE1DB9DAF000AA59CE /* String+Util.swift */; };
		9F8DF3FF1DB9DAF000AA59CE /* System.swift in Sources */ = {isa = PBXBuildFile; fileRef = 9F8DF3DF1DB9DAF000AA59CE /* System.swift */; };
		9F8DF4011DB9DAF000AA59CE /* UIButton+Stretch.swift in Sources */ = {isa = PBXBuildFile; fileRef = 9F8DF3E11DB9DAF000AA59CE /* UIButton+Stretch.swift */; };
		9F8DF4021DB9DAF000AA59CE /* UIColor+RGB.swift in Sources */ = {isa = PBXBuildFile; fileRef = 9F8DF3E21DB9DAF000AA59CE /* UIColor+RGB.swift */; };
		9F8DF4031DB9DAF000AA59CE /* UIScrollView+Padding.swift in Sources */ = {isa = PBXBuildFile; fileRef = 9F8DF3E31DB9DAF000AA59CE /* UIScrollView+Padding.swift */; };
		9F8DF4051DB9DAF000AA59CE /* UITableView+XIB.swift in Sources */ = {isa = PBXBuildFile; fileRef = 9F8DF3E51DB9DAF000AA59CE /* UITableView+XIB.swift */; };
		9F8DF4061DB9DAF000AA59CE /* UITableViewCell+Separator.swift in Sources */ = {isa = PBXBuildFile; fileRef = 9F8DF3E61DB9DAF000AA59CE /* UITableViewCell+Separator.swift */; };
		9F8DF4071DB9DAF000AA59CE /* UIView+Frame.swift in Sources */ = {isa = PBXBuildFile; fileRef = 9F8DF3E71DB9DAF000AA59CE /* UIView+Frame.swift */; };
		9F8DF4081DB9DAF000AA59CE /* UIView+Gone.swift in Sources */ = {isa = PBXBuildFile; fileRef = 9F8DF3E81DB9DAF000AA59CE /* UIView+Gone.swift */; };
		9F8DF4091DB9DAF000AA59CE /* UIView+XIB.swift in Sources */ = {isa = PBXBuildFile; fileRef = 9F8DF3E91DB9DAF000AA59CE /* UIView+XIB.swift */; };
		9F8DF40A1DB9DAF000AA59CE /* UIViewController+Transition.swift in Sources */ = {isa = PBXBuildFile; fileRef = 9F8DF3EA1DB9DAF000AA59CE /* UIViewController+Transition.swift */; };
		9F8DF40B1DB9DAF000AA59CE /* URL+Query.swift in Sources */ = {isa = PBXBuildFile; fileRef = 9F8DF3EB1DB9DAF000AA59CE /* URL+Query.swift */; };
		9F8DF42B1DB9DE6A00AA59CE /* NSObject+ClassName.swift in Sources */ = {isa = PBXBuildFile; fileRef = 9F8DF42A1DB9DE6A00AA59CE /* NSObject+ClassName.swift */; };
		9F8DF42D1DB9E2D700AA59CE /* UICollectionView+XIB.swift in Sources */ = {isa = PBXBuildFile; fileRef = 9F8DF42C1DB9E2D700AA59CE /* UICollectionView+XIB.swift */; };
		9F8DF42F1DB9EAD400AA59CE /* UIScreen+Size.swift in Sources */ = {isa = PBXBuildFile; fileRef = 9F8DF42E1DB9EAD400AA59CE /* UIScreen+Size.swift */; };
		9F8DF4331DB9F1BD00AA59CE /* UIApplication+Safari.swift in Sources */ = {isa = PBXBuildFile; fileRef = 9F8DF4321DB9F1BD00AA59CE /* UIApplication+Safari.swift */; };
		9F8DF4351DB9F3A000AA59CE /* UIApplication+External.swift in Sources */ = {isa = PBXBuildFile; fileRef = 9F8DF4341DB9F3A000AA59CE /* UIApplication+External.swift */; };
		9F8DF4371DB9F86C00AA59CE /* UIApplication+PushNotification.swift in Sources */ = {isa = PBXBuildFile; fileRef = 9F8DF4361DB9F86C00AA59CE /* UIApplication+PushNotification.swift */; };
		9F8DF4391DB9F97100AA59CE /* UIApplication+TopController.swift in Sources */ = {isa = PBXBuildFile; fileRef = 9F8DF4381DB9F97100AA59CE /* UIApplication+TopController.swift */; };
		9F8DF43B1DB9FA4300AA59CE /* UIViewController+Storyboard.swift in Sources */ = {isa = PBXBuildFile; fileRef = 9F8DF43A1DB9FA4300AA59CE /* UIViewController+Storyboard.swift */; };
		9F8DF43D1DBA03AE00AA59CE /* UIView+Remove.swift in Sources */ = {isa = PBXBuildFile; fileRef = 9F8DF43C1DBA03AE00AA59CE /* UIView+Remove.swift */; };
		9F8DF4411DBA076500AA59CE /* String+Localized.swift in Sources */ = {isa = PBXBuildFile; fileRef = 9F8DF4401DBA076500AA59CE /* String+Localized.swift */; };
		9FC806BF1DC04FA700F8C21A /* Data+Parse.swift in Sources */ = {isa = PBXBuildFile; fileRef = 9FC806BE1DC04FA700F8C21A /* Data+Parse.swift */; };
		AED7DED71D80849B00FA5AA4 /* AppDelegate.swift in Sources */ = {isa = PBXBuildFile; fileRef = AED7DED61D80849B00FA5AA4 /* AppDelegate.swift */; };
		AED7DED91D80849B00FA5AA4 /* LibraryViewController.swift in Sources */ = {isa = PBXBuildFile; fileRef = AED7DED81D80849B00FA5AA4 /* LibraryViewController.swift */; };
		AED7DEDC1D80849B00FA5AA4 /* Main.storyboard in Resources */ = {isa = PBXBuildFile; fileRef = AED7DEDA1D80849B00FA5AA4 /* Main.storyboard */; };
		AED7DEDE1D80849B00FA5AA4 /* Assets.xcassets in Resources */ = {isa = PBXBuildFile; fileRef = AED7DEDD1D80849B00FA5AA4 /* Assets.xcassets */; };
		AED7DEE11D80849B00FA5AA4 /* LaunchScreen.storyboard in Resources */ = {isa = PBXBuildFile; fileRef = AED7DEDF1D80849B00FA5AA4 /* LaunchScreen.storyboard */; };
		AED7DEEB1D80894700FA5AA4 /* MethodViewController.swift in Sources */ = {isa = PBXBuildFile; fileRef = AED7DEEA1D80894700FA5AA4 /* MethodViewController.swift */; };
		F6D08FD7BC8C36BB0578802A /* Pods_LibrarySample.framework in Frameworks */ = {isa = PBXBuildFile; fileRef = 9D50907356A1FD0A9CEA64E0 /* Pods_LibrarySample.framework */; };
/* End PBXBuildFile section */

/* Begin PBXFileReference section */
		69904ACF86B9D334630CCC13 /* Pods-LibrarySample.debug.xcconfig */ = {isa = PBXFileReference; includeInIndex = 1; lastKnownFileType = text.xcconfig; name = "Pods-LibrarySample.debug.xcconfig"; path = "Pods/Target Support Files/Pods-LibrarySample/Pods-LibrarySample.debug.xcconfig"; sourceTree = "<group>"; };
		89130835B1323EE64A10A89C /* Pods-LibrarySample.release.xcconfig */ = {isa = PBXFileReference; includeInIndex = 1; lastKnownFileType = text.xcconfig; name = "Pods-LibrarySample.release.xcconfig"; path = "Pods/Target Support Files/Pods-LibrarySample/Pods-LibrarySample.release.xcconfig"; sourceTree = "<group>"; };
		9D50907356A1FD0A9CEA64E0 /* Pods_LibrarySample.framework */ = {isa = PBXFileReference; explicitFileType = wrapper.framework; includeInIndex = 0; path = Pods_LibrarySample.framework; sourceTree = BUILT_PRODUCTS_DIR; };
		9F8DF3CC1DB9DAF000AA59CE /* Array+Each.swift */ = {isa = PBXFileReference; fileEncoding = 4; lastKnownFileType = sourcecode.swift; path = "Array+Each.swift"; sourceTree = "<group>"; };
		9F8DF3CD1DB9DAF000AA59CE /* Array+Shuffle.swift */ = {isa = PBXFileReference; fileEncoding = 4; lastKnownFileType = sourcecode.swift; path = "Array+Shuffle.swift"; sourceTree = "<group>"; };
		9F8DF3CE1DB9DAF000AA59CE /* Array+LastIndex.swift */ = {isa = PBXFileReference; fileEncoding = 4; lastKnownFileType = sourcecode.swift; path = "Array+LastIndex.swift"; sourceTree = "<group>"; };
		9F8DF3CF1DB9DAF000AA59CE /* Date+Parse.swift */ = {isa = PBXFileReference; fileEncoding = 4; lastKnownFileType = sourcecode.swift; path = "Date+Parse.swift"; sourceTree = "<group>"; };
		9F8DF3D01DB9DAF000AA59CE /* Dictionary+Each.swift */ = {isa = PBXFileReference; fileEncoding = 4; lastKnownFileType = sourcecode.swift; path = "Dictionary+Each.swift"; sourceTree = "<group>"; };
		9F8DF3D11DB9DAF000AA59CE /* Dictionary+Safe.swift */ = {isa = PBXFileReference; fileEncoding = 4; lastKnownFileType = sourcecode.swift; path = "Dictionary+Safe.swift"; sourceTree = "<group>"; };
		9F8DF3D21DB9DAF000AA59CE /* Dictionary+Merge.swift */ = {isa = PBXFileReference; fileEncoding = 4; lastKnownFileType = sourcecode.swift; path = "Dictionary+Merge.swift"; sourceTree = "<group>"; };
		9F8DF3D31DB9DAF000AA59CE /* Double+Delay.swift */ = {isa = PBXFileReference; fileEncoding = 4; lastKnownFileType = sourcecode.swift; path = "Double+Delay.swift"; sourceTree = "<group>"; };
		9F8DF3D41DB9DAF000AA59CE /* HasAssociatedObjects.swift */ = {isa = PBXFileReference; fileEncoding = 4; lastKnownFileType = sourcecode.swift; path = HasAssociatedObjects.swift; sourceTree = "<group>"; };
		9F8DF3D51DB9DAF000AA59CE /* Int+Each.swift */ = {isa = PBXFileReference; fileEncoding = 4; lastKnownFileType = sourcecode.swift; path = "Int+Each.swift"; sourceTree = "<group>"; };
		9F8DF3D61DB9DAF000AA59CE /* Int+Format.swift */ = {isa = PBXFileReference; fileEncoding = 4; lastKnownFileType = sourcecode.swift; path = "Int+Format.swift"; sourceTree = "<group>"; };
		9F8DF3D71DB9DAF000AA59CE /* Math.swift */ = {isa = PBXFileReference; fileEncoding = 4; lastKnownFileType = sourcecode.swift; path = Math.swift; sourceTree = "<group>"; };
		9F8DF3D91DB9DAF000AA59CE /* String+Check.swift */ = {isa = PBXFileReference; fileEncoding = 4; lastKnownFileType = sourcecode.swift; path = "String+Check.swift"; sourceTree = "<group>"; };
		9F8DF3DA1DB9DAF000AA59CE /* String+Date.swift */ = {isa = PBXFileReference; fileEncoding = 4; lastKnownFileType = sourcecode.swift; path = "String+Date.swift"; sourceTree = "<group>"; };
		9F8DF3DB1DB9DAF000AA59CE /* String+Random.swift */ = {isa = PBXFileReference; fileEncoding = 4; lastKnownFileType = sourcecode.swift; path = "String+Random.swift"; sourceTree = "<group>"; };
		9F8DF3DC1DB9DAF000AA59CE /* String+Substring.swift */ = {isa = PBXFileReference; fileEncoding = 4; lastKnownFileType = sourcecode.swift; path = "String+Substring.swift"; sourceTree = "<group>"; };
		9F8DF3DD1DB9DAF000AA59CE /* String+URL.swift */ = {isa = PBXFileReference; fileEncoding = 4; lastKnownFileType = sourcecode.swift; path = "String+URL.swift"; sourceTree = "<group>"; };
		9F8DF3DE1DB9DAF000AA59CE /* String+Util.swift */ = {isa = PBXFileReference; fileEncoding = 4; lastKnownFileType = sourcecode.swift; path = "String+Util.swift"; sourceTree = "<group>"; };
		9F8DF3DF1DB9DAF000AA59CE /* System.swift */ = {isa = PBXFileReference; fileEncoding = 4; lastKnownFileType = sourcecode.swift; path = System.swift; sourceTree = "<group>"; };
		9F8DF3E11DB9DAF000AA59CE /* UIButton+Stretch.swift */ = {isa = PBXFileReference; fileEncoding = 4; lastKnownFileType = sourcecode.swift; path = "UIButton+Stretch.swift"; sourceTree = "<group>"; };
		9F8DF3E21DB9DAF000AA59CE /* UIColor+RGB.swift */ = {isa = PBXFileReference; fileEncoding = 4; lastKnownFileType = sourcecode.swift; path = "UIColor+RGB.swift"; sourceTree = "<group>"; };
		9F8DF3E31DB9DAF000AA59CE /* UIScrollView+Padding.swift */ = {isa = PBXFileReference; fileEncoding = 4; lastKnownFileType = sourcecode.swift; path = "UIScrollView+Padding.swift"; sourceTree = "<group>"; };
		9F8DF3E51DB9DAF000AA59CE /* UITableView+XIB.swift */ = {isa = PBXFileReference; fileEncoding = 4; lastKnownFileType = sourcecode.swift; path = "UITableView+XIB.swift"; sourceTree = "<group>"; };
		9F8DF3E61DB9DAF000AA59CE /* UITableViewCell+Separator.swift */ = {isa = PBXFileReference; fileEncoding = 4; lastKnownFileType = sourcecode.swift; path = "UITableViewCell+Separator.swift"; sourceTree = "<group>"; };
		9F8DF3E71DB9DAF000AA59CE /* UIView+Frame.swift */ = {isa = PBXFileReference; fileEncoding = 4; lastKnownFileType = sourcecode.swift; path = "UIView+Frame.swift"; sourceTree = "<group>"; };
		9F8DF3E81DB9DAF000AA59CE /* UIView+Gone.swift */ = {isa = PBXFileReference; fileEncoding = 4; lastKnownFileType = sourcecode.swift; path = "UIView+Gone.swift"; sourceTree = "<group>"; };
		9F8DF3E91DB9DAF000AA59CE /* UIView+XIB.swift */ = {isa = PBXFileReference; fileEncoding = 4; lastKnownFileType = sourcecode.swift; path = "UIView+XIB.swift"; sourceTree = "<group>"; };
		9F8DF3EA1DB9DAF000AA59CE /* UIViewController+Transition.swift */ = {isa = PBXFileReference; fileEncoding = 4; lastKnownFileType = sourcecode.swift; path = "UIViewController+Transition.swift"; sourceTree = "<group>"; };
		9F8DF3EB1DB9DAF000AA59CE /* URL+Query.swift */ = {isa = PBXFileReference; fileEncoding = 4; lastKnownFileType = sourcecode.swift; path = "URL+Query.swift"; sourceTree = "<group>"; };
		9F8DF42A1DB9DE6A00AA59CE /* NSObject+ClassName.swift */ = {isa = PBXFileReference; fileEncoding = 4; lastKnownFileType = sourcecode.swift; path = "NSObject+ClassName.swift"; sourceTree = "<group>"; };
		9F8DF42C1DB9E2D700AA59CE /* UICollectionView+XIB.swift */ = {isa = PBXFileReference; fileEncoding = 4; lastKnownFileType = sourcecode.swift; path = "UICollectionView+XIB.swift"; sourceTree = "<group>"; };
		9F8DF42E1DB9EAD400AA59CE /* UIScreen+Size.swift */ = {isa = PBXFileReference; fileEncoding = 4; lastKnownFileType = sourcecode.swift; path = "UIScreen+Size.swift"; sourceTree = "<group>"; };
		9F8DF4321DB9F1BD00AA59CE /* UIApplication+Safari.swift */ = {isa = PBXFileReference; fileEncoding = 4; lastKnownFileType = sourcecode.swift; path = "UIApplication+Safari.swift"; sourceTree = "<group>"; };
		9F8DF4341DB9F3A000AA59CE /* UIApplication+External.swift */ = {isa = PBXFileReference; fileEncoding = 4; lastKnownFileType = sourcecode.swift; path = "UIApplication+External.swift"; sourceTree = "<group>"; };
		9F8DF4361DB9F86C00AA59CE /* UIApplication+PushNotification.swift */ = {isa = PBXFileReference; fileEncoding = 4; lastKnownFileType = sourcecode.swift; path = "UIApplication+PushNotification.swift"; sourceTree = "<group>"; };
		9F8DF4381DB9F97100AA59CE /* UIApplication+TopController.swift */ = {isa = PBXFileReference; fileEncoding = 4; lastKnownFileType = sourcecode.swift; path = "UIApplication+TopController.swift"; sourceTree = "<group>"; };
		9F8DF43A1DB9FA4300AA59CE /* UIViewController+Storyboard.swift */ = {isa = PBXFileReference; fileEncoding = 4; lastKnownFileType = sourcecode.swift; path = "UIViewController+Storyboard.swift"; sourceTree = "<group>"; };
		9F8DF43C1DBA03AE00AA59CE /* UIView+Remove.swift */ = {isa = PBXFileReference; fileEncoding = 4; lastKnownFileType = sourcecode.swift; path = "UIView+Remove.swift"; sourceTree = "<group>"; };
		9F8DF4401DBA076500AA59CE /* String+Localized.swift */ = {isa = PBXFileReference; fileEncoding = 4; lastKnownFileType = sourcecode.swift; path = "String+Localized.swift"; sourceTree = "<group>"; };
		9FC806BE1DC04FA700F8C21A /* Data+Parse.swift */ = {isa = PBXFileReference; fileEncoding = 4; lastKnownFileType = sourcecode.swift; path = "Data+Parse.swift"; sourceTree = "<group>"; };
		AED7DED31D80849B00FA5AA4 /* LibrarySample.app */ = {isa = PBXFileReference; explicitFileType = wrapper.application; includeInIndex = 0; path = LibrarySample.app; sourceTree = BUILT_PRODUCTS_DIR; };
		AED7DED61D80849B00FA5AA4 /* AppDelegate.swift */ = {isa = PBXFileReference; lastKnownFileType = sourcecode.swift; path = AppDelegate.swift; sourceTree = "<group>"; };
		AED7DED81D80849B00FA5AA4 /* LibraryViewController.swift */ = {isa = PBXFileReference; lastKnownFileType = sourcecode.swift; path = LibraryViewController.swift; sourceTree = "<group>"; };
		AED7DEDB1D80849B00FA5AA4 /* Base */ = {isa = PBXFileReference; lastKnownFileType = file.storyboard; name = Base; path = Base.lproj/Main.storyboard; sourceTree = "<group>"; };
		AED7DEDD1D80849B00FA5AA4 /* Assets.xcassets */ = {isa = PBXFileReference; lastKnownFileType = folder.assetcatalog; path = Assets.xcassets; sourceTree = "<group>"; };
		AED7DEE01D80849B00FA5AA4 /* Base */ = {isa = PBXFileReference; lastKnownFileType = file.storyboard; name = Base; path = Base.lproj/LaunchScreen.storyboard; sourceTree = "<group>"; };
		AED7DEE21D80849B00FA5AA4 /* Info.plist */ = {isa = PBXFileReference; lastKnownFileType = text.plist.xml; path = Info.plist; sourceTree = "<group>"; };
		AED7DEEA1D80894700FA5AA4 /* MethodViewController.swift */ = {isa = PBXFileReference; fileEncoding = 4; lastKnownFileType = sourcecode.swift; path = MethodViewController.swift; sourceTree = "<group>"; };
/* End PBXFileReference section */

/* Begin PBXFrameworksBuildPhase section */
		AED7DED01D80849B00FA5AA4 /* Frameworks */ = {
			isa = PBXFrameworksBuildPhase;
			buildActionMask = 2147483647;
			files = (
				F6D08FD7BC8C36BB0578802A /* Pods_LibrarySample.framework in Frameworks */,
			);
			runOnlyForDeploymentPostprocessing = 0;
		};
/* End PBXFrameworksBuildPhase section */

/* Begin PBXGroup section */
		97774E0223F055F87E090D4D /* Frameworks */ = {
			isa = PBXGroup;
			children = (
				9D50907356A1FD0A9CEA64E0 /* Pods_LibrarySample.framework */,
			);
			name = Frameworks;
			sourceTree = "<group>";
		};
		9EC66D5B519FBCB8A613EF88 /* Pods */ = {
			isa = PBXGroup;
			children = (
				69904ACF86B9D334630CCC13 /* Pods-LibrarySample.debug.xcconfig */,
				89130835B1323EE64A10A89C /* Pods-LibrarySample.release.xcconfig */,
			);
			name = Pods;
			sourceTree = "<group>";
		};
		AED7DECA1D80849B00FA5AA4 = {
			isa = PBXGroup;
			children = (
				AEF7B6301D819C0D006ACE75 /* Library */,
				AED7DED51D80849B00FA5AA4 /* LibrarySample */,
				AED7DED41D80849B00FA5AA4 /* Products */,
				9EC66D5B519FBCB8A613EF88 /* Pods */,
				97774E0223F055F87E090D4D /* Frameworks */,
			);
			sourceTree = "<group>";
		};
		AED7DED41D80849B00FA5AA4 /* Products */ = {
			isa = PBXGroup;
			children = (
				AED7DED31D80849B00FA5AA4 /* LibrarySample.app */,
			);
			name = Products;
			sourceTree = "<group>";
		};
		AED7DED51D80849B00FA5AA4 /* LibrarySample */ = {
			isa = PBXGroup;
			children = (
				AED7DED61D80849B00FA5AA4 /* AppDelegate.swift */,
				AED7DED81D80849B00FA5AA4 /* LibraryViewController.swift */,
				AED7DEEA1D80894700FA5AA4 /* MethodViewController.swift */,
				AED7DEDA1D80849B00FA5AA4 /* Main.storyboard */,
				AED7DEDD1D80849B00FA5AA4 /* Assets.xcassets */,
				AED7DEDF1D80849B00FA5AA4 /* LaunchScreen.storyboard */,
				AED7DEE21D80849B00FA5AA4 /* Info.plist */,
			);
			path = LibrarySample;
			sourceTree = "<group>";
		};
		AEF7B6301D819C0D006ACE75 /* Library */ = {
			isa = PBXGroup;
			children = (
				9F8DF3CC1DB9DAF000AA59CE /* Array+Each.swift */,
				9F8DF3CD1DB9DAF000AA59CE /* Array+Shuffle.swift */,
				9F8DF3CE1DB9DAF000AA59CE /* Array+LastIndex.swift */,
				9F8DF3CF1DB9DAF000AA59CE /* Date+Parse.swift */,
				9FC806BE1DC04FA700F8C21A /* Data+Parse.swift */,
				9F8DF3D01DB9DAF000AA59CE /* Dictionary+Each.swift */,
				9F8DF3D11DB9DAF000AA59CE /* Dictionary+Safe.swift */,
				9F8DF3D21DB9DAF000AA59CE /* Dictionary+Merge.swift */,
				9F8DF3D31DB9DAF000AA59CE /* Double+Delay.swift */,
				9F8DF3D41DB9DAF000AA59CE /* HasAssociatedObjects.swift */,
				9F8DF3D51DB9DAF000AA59CE /* Int+Each.swift */,
				9F8DF3D61DB9DAF000AA59CE /* Int+Format.swift */,
				9F8DF3D71DB9DAF000AA59CE /* Math.swift */,
				9F8DF42A1DB9DE6A00AA59CE /* NSObject+ClassName.swift */,
				9F8DF3D91DB9DAF000AA59CE /* String+Check.swift */,
				9F8DF3DA1DB9DAF000AA59CE /* String+Date.swift */,
				9F8DF3DB1DB9DAF000AA59CE /* String+Random.swift */,
				9F8DF3DC1DB9DAF000AA59CE /* String+Substring.swift */,
				9F8DF3DD1DB9DAF000AA59CE /* String+URL.swift */,
				9F8DF3DE1DB9DAF000AA59CE /* String+Util.swift */,
				9F8DF4401DBA076500AA59CE /* String+Localized.swift */,
				9F8DF3DF1DB9DAF000AA59CE /* System.swift */,
				9F8DF4321DB9F1BD00AA59CE /* UIApplication+Safari.swift */,
				9F8DF4361DB9F86C00AA59CE /* UIApplication+PushNotification.swift */,
				9F8DF4341DB9F3A000AA59CE /* UIApplication+External.swift */,
				9F8DF4381DB9F97100AA59CE /* UIApplication+TopController.swift */,
				9F8DF3E11DB9DAF000AA59CE /* UIButton+Stretch.swift */,
				9F8DF3E21DB9DAF000AA59CE /* UIColor+RGB.swift */,
				9F8DF42C1DB9E2D700AA59CE /* UICollectionView+XIB.swift */,
				9F8DF3E31DB9DAF000AA59CE /* UIScrollView+Padding.swift */,
				9F8DF3E51DB9DAF000AA59CE /* UITableView+XIB.swift */,
				9F8DF3E61DB9DAF000AA59CE /* UITableViewCell+Separator.swift */,
				9F8DF3E71DB9DAF000AA59CE /* UIView+Frame.swift */,
				9F8DF42E1DB9EAD400AA59CE /* UIScreen+Size.swift */,
				9F8DF3E81DB9DAF000AA59CE /* UIView+Gone.swift */,
				9F8DF3E91DB9DAF000AA59CE /* UIView+XIB.swift */,
				9F8DF43C1DBA03AE00AA59CE /* UIView+Remove.swift */,
				9F8DF3EA1DB9DAF000AA59CE /* UIViewController+Transition.swift */,
				9F8DF43A1DB9FA4300AA59CE /* UIViewController+Storyboard.swift */,
				9F8DF3EB1DB9DAF000AA59CE /* URL+Query.swift */,
			);
			name = Library;
			path = ../Library;
			sourceTree = "<group>";
		};
/* End PBXGroup section */

/* Begin PBXNativeTarget section */
		AED7DED21D80849B00FA5AA4 /* LibrarySample */ = {
			isa = PBXNativeTarget;
			buildConfigurationList = AED7DEE51D80849B00FA5AA4 /* Build configuration list for PBXNativeTarget "LibrarySample" */;
			buildPhases = (
				044CE126A441D6806251D172 /* [CP] Check Pods Manifest.lock */,
				AED7DECF1D80849B00FA5AA4 /* Sources */,
				AED7DED01D80849B00FA5AA4 /* Frameworks */,
				AED7DED11D80849B00FA5AA4 /* Resources */,
				85BCE93F9C24DCDBBA39AC3A /* [CP] Embed Pods Frameworks */,
				F95DC1F64A7EBB1A39447804 /* [CP] Copy Pods Resources */,
			);
			buildRules = (
			);
			dependencies = (
			);
			name = LibrarySample;
			productName = LibrarySample;
			productReference = AED7DED31D80849B00FA5AA4 /* LibrarySample.app */;
			productType = "com.apple.product-type.application";
		};
/* End PBXNativeTarget section */

/* Begin PBXProject section */
		AED7DECB1D80849B00FA5AA4 /* Project object */ = {
			isa = PBXProject;
			attributes = {
				LastSwiftUpdateCheck = 0730;
				LastUpgradeCheck = 0800;
				ORGANIZATIONNAME = yukithehero;
				TargetAttributes = {
					AED7DED21D80849B00FA5AA4 = {
						CreatedOnToolsVersion = 7.3.1;
					};
				};
			};
			buildConfigurationList = AED7DECE1D80849B00FA5AA4 /* Build configuration list for PBXProject "LibrarySample" */;
			compatibilityVersion = "Xcode 3.2";
			developmentRegion = English;
			hasScannedForEncodings = 0;
			knownRegions = (
				en,
				Base,
			);
			mainGroup = AED7DECA1D80849B00FA5AA4;
			productRefGroup = AED7DED41D80849B00FA5AA4 /* Products */;
			projectDirPath = "";
			projectRoot = "";
			targets = (
				AED7DED21D80849B00FA5AA4 /* LibrarySample */,
			);
		};
/* End PBXProject section */

/* Begin PBXResourcesBuildPhase section */
		AED7DED11D80849B00FA5AA4 /* Resources */ = {
			isa = PBXResourcesBuildPhase;
			buildActionMask = 2147483647;
			files = (
				AED7DEE11D80849B00FA5AA4 /* LaunchScreen.storyboard in Resources */,
				AED7DEDE1D80849B00FA5AA4 /* Assets.xcassets in Resources */,
				AED7DEDC1D80849B00FA5AA4 /* Main.storyboard in Resources */,
			);
			runOnlyForDeploymentPostprocessing = 0;
		};
/* End PBXResourcesBuildPhase section */

/* Begin PBXShellScriptBuildPhase section */
		044CE126A441D6806251D172 /* [CP] Check Pods Manifest.lock */ = {
			isa = PBXShellScriptBuildPhase;
			buildActionMask = 2147483647;
			files = (
			);
			inputPaths = (
			);
			name = "[CP] Check Pods Manifest.lock";
			outputPaths = (
			);
			runOnlyForDeploymentPostprocessing = 0;
			shellPath = /bin/sh;
			shellScript = "diff \"${PODS_ROOT}/../Podfile.lock\" \"${PODS_ROOT}/Manifest.lock\" > /dev/null\nif [[ $? != 0 ]] ; then\n    cat << EOM\nerror: The sandbox is not in sync with the Podfile.lock. Run 'pod install' or update your CocoaPods installation.\nEOM\n    exit 1\nfi\n";
			showEnvVarsInLog = 0;
		};
		85BCE93F9C24DCDBBA39AC3A /* [CP] Embed Pods Frameworks */ = {
			isa = PBXShellScriptBuildPhase;
			buildActionMask = 2147483647;
			files = (
			);
			inputPaths = (
			);
			name = "[CP] Embed Pods Frameworks";
			outputPaths = (
			);
			runOnlyForDeploymentPostprocessing = 0;
			shellPath = /bin/sh;
			shellScript = "\"${SRCROOT}/Pods/Target Support Files/Pods-LibrarySample/Pods-LibrarySample-frameworks.sh\"\n";
			showEnvVarsInLog = 0;
		};
		F95DC1F64A7EBB1A39447804 /* [CP] Copy Pods Resources */ = {
			isa = PBXShellScriptBuildPhase;
			buildActionMask = 2147483647;
			files = (
			);
			inputPaths = (
			);
			name = "[CP] Copy Pods Resources";
			outputPaths = (
			);
			runOnlyForDeploymentPostprocessing = 0;
			shellPath = /bin/sh;
			shellScript = "\"${SRCROOT}/Pods/Target Support Files/Pods-LibrarySample/Pods-LibrarySample-resources.sh\"\n";
			showEnvVarsInLog = 0;
		};
/* End PBXShellScriptBuildPhase section */

/* Begin PBXSourcesBuildPhase section */
		AED7DECF1D80849B00FA5AA4 /* Sources */ = {
			isa = PBXSourcesBuildPhase;
			buildActionMask = 2147483647;
			files = (
				9F8DF43B1DB9FA4300AA59CE /* UIViewController+Storyboard.swift in Sources */,
				AED7DEEB1D80894700FA5AA4 /* MethodViewController.swift in Sources */,
				9F8DF43D1DBA03AE00AA59CE /* UIView+Remove.swift in Sources */,
				9F8DF4081DB9DAF000AA59CE /* UIView+Gone.swift in Sources */,
				9F8DF3F31DB9DAF000AA59CE /* Double+Delay.swift in Sources */,
				9F8DF4371DB9F86C00AA59CE /* UIApplication+PushNotification.swift in Sources */,
				9F8DF3F51DB9DAF000AA59CE /* Int+Each.swift in Sources */,
				9F8DF4011DB9DAF000AA59CE /* UIButton+Stretch.swift in Sources */,
				9F8DF3F11DB9DAF000AA59CE /* Dictionary+Safe.swift in Sources */,
				9F8DF3FB1DB9DAF000AA59CE /* String+Random.swift in Sources */,
				9F8DF4021DB9DAF000AA59CE /* UIColor+RGB.swift in Sources */,
				9F8DF4091DB9DAF000AA59CE /* UIView+XIB.swift in Sources */,
				9F8DF3FD1DB9DAF000AA59CE /* String+URL.swift in Sources */,
				AED7DED91D80849B00FA5AA4 /* LibraryViewController.swift in Sources */,
				9F8DF3F01DB9DAF000AA59CE /* Dictionary+Each.swift in Sources */,
				9F8DF42D1DB9E2D700AA59CE /* UICollectionView+XIB.swift in Sources */,
				9F8DF4031DB9DAF000AA59CE /* UIScrollView+Padding.swift in Sources */,
				9F8DF40A1DB9DAF000AA59CE /* UIViewController+Transition.swift in Sources */,
				9F8DF3FC1DB9DAF000AA59CE /* String+Substring.swift in Sources */,
				9F8DF3EC1DB9DAF000AA59CE /* Array+Each.swift in Sources */,
				9F8DF3F91DB9DAF000AA59CE /* String+Check.swift in Sources */,
				9F8DF3ED1DB9DAF000AA59CE /* Array+Shuffle.swift in Sources */,
				9F8DF3F61DB9DAF000AA59CE /* Int+Format.swift in Sources */,
				9F8DF4061DB9DAF000AA59CE /* UITableViewCell+Separator.swift in Sources */,
				9F8DF4411DBA076500AA59CE /* String+Localized.swift in Sources */,
				9F8DF3F41DB9DAF000AA59CE /* HasAssociatedObjects.swift in Sources */,
				9F8DF4051DB9DAF000AA59CE /* UITableView+XIB.swift in Sources */,
				9F8DF3EF1DB9DAF000AA59CE /* Date+Parse.swift in Sources */,
				AED7DED71D80849B00FA5AA4 /* AppDelegate.swift in Sources */,
				9FC806BF1DC04FA700F8C21A /* Data+Parse.swift in Sources */,
				9F8DF3EE1DB9DAF000AA59CE /* Array+LastIndex.swift in Sources */,
				9F8DF42B1DB9DE6A00AA59CE /* NSObject+ClassName.swift in Sources */,
				9F8DF4331DB9F1BD00AA59CE /* UIApplication+Safari.swift in Sources */,
				9F8DF3FF1DB9DAF000AA59CE /* System.swift in Sources */,
				9F8DF3F21DB9DAF000AA59CE /* Dictionary+Merge.swift in Sources */,
				9F8DF4071DB9DAF000AA59CE /* UIView+Frame.swift in Sources */,
				9F8DF40B1DB9DAF000AA59CE /* URL+Query.swift in Sources */,
				9F8DF4391DB9F97100AA59CE /* UIApplication+TopController.swift in Sources */,
				9F8DF3FA1DB9DAF000AA59CE /* String+Date.swift in Sources */,
				9F8DF42F1DB9EAD400AA59CE /* UIScreen+Size.swift in Sources */,
				9F8DF3FE1DB9DAF000AA59CE /* String+Util.swift in Sources */,
				9F8DF4351DB9F3A000AA59CE /* UIApplication+External.swift in Sources */,
				9F8DF3F71DB9DAF000AA59CE /* Math.swift in Sources */,
			);
			runOnlyForDeploymentPostprocessing = 0;
		};
/* End PBXSourcesBuildPhase section */

/* Begin PBXVariantGroup section */
		AED7DEDA1D80849B00FA5AA4 /* Main.storyboard */ = {
			isa = PBXVariantGroup;
			children = (
				AED7DEDB1D80849B00FA5AA4 /* Base */,
			);
			name = Main.storyboard;
			sourceTree = "<group>";
		};
		AED7DEDF1D80849B00FA5AA4 /* LaunchScreen.storyboard */ = {
			isa = PBXVariantGroup;
			children = (
				AED7DEE01D80849B00FA5AA4 /* Base */,
			);
			name = LaunchScreen.storyboard;
			sourceTree = "<group>";
		};
/* End PBXVariantGroup section */

/* Begin XCBuildConfiguration section */
		AED7DEE31D80849B00FA5AA4 /* Debug */ = {
			isa = XCBuildConfiguration;
			buildSettings = {
				ALWAYS_SEARCH_USER_PATHS = NO;
				CLANG_ANALYZER_NONNULL = YES;
				CLANG_CXX_LANGUAGE_STANDARD = "gnu++0x";
				CLANG_CXX_LIBRARY = "libc++";
				CLANG_ENABLE_MODULES = YES;
				CLANG_ENABLE_OBJC_ARC = YES;
				CLANG_WARN_BOOL_CONVERSION = YES;
				CLANG_WARN_CONSTANT_CONVERSION = YES;
				CLANG_WARN_DIRECT_OBJC_ISA_USAGE = YES_ERROR;
				CLANG_WARN_EMPTY_BODY = YES;
				CLANG_WARN_ENUM_CONVERSION = YES;
				CLANG_WARN_INFINITE_RECURSION = YES;
				CLANG_WARN_INT_CONVERSION = YES;
				CLANG_WARN_OBJC_ROOT_CLASS = YES_ERROR;
				CLANG_WARN_SUSPICIOUS_MOVE = YES;
				CLANG_WARN_UNREACHABLE_CODE = YES;
				CLANG_WARN__DUPLICATE_METHOD_MATCH = YES;
				"CODE_SIGN_IDENTITY[sdk=iphoneos*]" = "iPhone Developer";
				COPY_PHASE_STRIP = NO;
				DEBUG_INFORMATION_FORMAT = dwarf;
				ENABLE_STRICT_OBJC_MSGSEND = YES;
				ENABLE_TESTABILITY = YES;
				GCC_C_LANGUAGE_STANDARD = gnu99;
				GCC_DYNAMIC_NO_PIC = NO;
				GCC_NO_COMMON_BLOCKS = YES;
				GCC_OPTIMIZATION_LEVEL = 0;
				GCC_PREPROCESSOR_DEFINITIONS = (
					"DEBUG=1",
					"$(inherited)",
				);
				GCC_WARN_64_TO_32_BIT_CONVERSION = YES;
				GCC_WARN_ABOUT_RETURN_TYPE = YES_ERROR;
				GCC_WARN_UNDECLARED_SELECTOR = YES;
				GCC_WARN_UNINITIALIZED_AUTOS = YES_AGGRESSIVE;
				GCC_WARN_UNUSED_FUNCTION = YES;
				GCC_WARN_UNUSED_VARIABLE = YES;
				IPHONEOS_DEPLOYMENT_TARGET = 8.0;
				MTL_ENABLE_DEBUG_INFO = YES;
				ONLY_ACTIVE_ARCH = YES;
				SDKROOT = iphoneos;
				SWIFT_OPTIMIZATION_LEVEL = "-Onone";
				SWIFT_VERSION = 3.0;
				TARGETED_DEVICE_FAMILY = "1,2";
			};
			name = Debug;
		};
		AED7DEE41D80849B00FA5AA4 /* Release */ = {
			isa = XCBuildConfiguration;
			buildSettings = {
				ALWAYS_SEARCH_USER_PATHS = NO;
				CLANG_ANALYZER_NONNULL = YES;
				CLANG_CXX_LANGUAGE_STANDARD = "gnu++0x";
				CLANG_CXX_LIBRARY = "libc++";
				CLANG_ENABLE_MODULES = YES;
				CLANG_ENABLE_OBJC_ARC = YES;
				CLANG_WARN_BOOL_CONVERSION = YES;
				CLANG_WARN_CONSTANT_CONVERSION = YES;
				CLANG_WARN_DIRECT_OBJC_ISA_USAGE = YES_ERROR;
				CLANG_WARN_EMPTY_BODY = YES;
				CLANG_WARN_ENUM_CONVERSION = YES;
				CLANG_WARN_INFINITE_RECURSION = YES;
				CLANG_WARN_INT_CONVERSION = YES;
				CLANG_WARN_OBJC_ROOT_CLASS = YES_ERROR;
				CLANG_WARN_SUSPICIOUS_MOVE = YES;
				CLANG_WARN_UNREACHABLE_CODE = YES;
				CLANG_WARN__DUPLICATE_METHOD_MATCH = YES;
				"CODE_SIGN_IDENTITY[sdk=iphoneos*]" = "iPhone Developer";
				COPY_PHASE_STRIP = NO;
				DEBUG_INFORMATION_FORMAT = "dwarf-with-dsym";
				ENABLE_NS_ASSERTIONS = NO;
				ENABLE_STRICT_OBJC_MSGSEND = YES;
				GCC_C_LANGUAGE_STANDARD = gnu99;
				GCC_NO_COMMON_BLOCKS = YES;
				GCC_WARN_64_TO_32_BIT_CONVERSION = YES;
				GCC_WARN_ABOUT_RETURN_TYPE = YES_ERROR;
				GCC_WARN_UNDECLARED_SELECTOR = YES;
				GCC_WARN_UNINITIALIZED_AUTOS = YES_AGGRESSIVE;
				GCC_WARN_UNUSED_FUNCTION = YES;
				GCC_WARN_UNUSED_VARIABLE = YES;
				IPHONEOS_DEPLOYMENT_TARGET = 8.0;
				MTL_ENABLE_DEBUG_INFO = NO;
				SDKROOT = iphoneos;
				SWIFT_OPTIMIZATION_LEVEL = "-Owholemodule";
				SWIFT_VERSION = 3.0;
				TARGETED_DEVICE_FAMILY = "1,2";
				VALIDATE_PRODUCT = YES;
			};
			name = Release;
		};
		AED7DEE61D80849B00FA5AA4 /* Debug */ = {
			isa = XCBuildConfiguration;
			baseConfigurationReference = 69904ACF86B9D334630CCC13 /* Pods-LibrarySample.debug.xcconfig */;
			buildSettings = {
				ALWAYS_EMBED_SWIFT_STANDARD_LIBRARIES = YES;
				ASSETCATALOG_COMPILER_APPICON_NAME = AppIcon;
				INFOPLIST_FILE = LibrarySample/Info.plist;
				LD_RUNPATH_SEARCH_PATHS = "$(inherited) @executable_path/Frameworks";
				PRODUCT_BUNDLE_IDENTIFIER = jp.thehero.LibrarySample;
				PRODUCT_NAME = "$(TARGET_NAME)";
			};
			name = Debug;
		};
		AED7DEE71D80849B00FA5AA4 /* Release */ = {
			isa = XCBuildConfiguration;
			baseConfigurationReference = 89130835B1323EE64A10A89C /* Pods-LibrarySample.release.xcconfig */;
			buildSettings = {
				ALWAYS_EMBED_SWIFT_STANDARD_LIBRARIES = YES;
				ASSETCATALOG_COMPILER_APPICON_NAME = AppIcon;
				INFOPLIST_FILE = LibrarySample/Info.plist;
				LD_RUNPATH_SEARCH_PATHS = "$(inherited) @executable_path/Frameworks";
				PRODUCT_BUNDLE_IDENTIFIER = jp.thehero.LibrarySample;
				PRODUCT_NAME = "$(TARGET_NAME)";
			};
			name = Release;
		};
/* End XCBuildConfiguration section */

/* Begin XCConfigurationList section */
		AED7DECE1D80849B00FA5AA4 /* Build configuration list for PBXProject "LibrarySample" */ = {
			isa = XCConfigurationList;
			buildConfigurations = (
				AED7DEE31D80849B00FA5AA4 /* Debug */,
				AED7DEE41D80849B00FA5AA4 /* Release */,
			);
			defaultConfigurationIsVisible = 0;
			defaultConfigurationName = Release;
		};
		AED7DEE51D80849B00FA5AA4 /* Build configuration list for PBXNativeTarget "LibrarySample" */ = {
			isa = XCConfigurationList;
			buildConfigurations = (
				AED7DEE61D80849B00FA5AA4 /* Debug */,
				AED7DEE71D80849B00FA5AA4 /* Release */,
			);
			defaultConfigurationIsVisible = 0;
			defaultConfigurationName = Release;
		};
/* End XCConfigurationList section */
	};
	rootObject = AED7DECB1D80849B00FA5AA4 /* Project object */;
}
